
Microsoft Visual Studio Solution File, Format Version 12.00
# Visual Studio 15
VisualStudioVersion = 15.0.27703.2000
MinimumVisualStudioVersion = 10.0.40219.1
Project("{9A19103F-16F7-4668-BE54-9A1E7A4F7556}") = "HeadFirstDesignPattern", "HeadFirstDesignPattern\HeadFirstDesignPattern.csproj", "{40C865BD-695A-4902-882D-34EA6D55C1BA}"
EndProject
Project("{9A19103F-16F7-4668-BE54-9A1E7A4F7556}") = "Strategy.Duck", "Strategy.Duck\Strategy.Duck.csproj", "{CE4AC9C8-4B1B-449D-B632-AD161D536EF9}"
EndProject
Project("{9A19103F-16F7-4668-BE54-9A1E7A4F7556}") = "Strategy.Duck.Test", "Strategy.Duck.Test\Strategy.Duck.Test.csproj", "{66FA376D-21E3-4BFE-AA6F-A215434CF4C6}"
EndProject
Project("{FAE04EC0-301F-11D3-BF4B-00C04F79EFBC}") = "Observer.WeatherData", "Observer.WeatherData\Observer.WeatherData.csproj", "{60FCBE3B-C862-4EDA-808F-37172ABCEE19}"
EndProject
Project("{FAE04EC0-301F-11D3-BF4B-00C04F79EFBC}") = "Observer.WeatherData.Test", "Observer.WeatherData.Test\Observer.WeatherData.Test.csproj", "{C924BEBF-6751-4E5A-AC90-20A0DC4EB332}"
EndProject
Global
	GlobalSection(SolutionConfigurationPlatforms) = preSolution
		Debug|Any CPU = Debug|Any CPU
		Release|Any CPU = Release|Any CPU
	EndGlobalSection
	GlobalSection(ProjectConfigurationPlatforms) = postSolution
		{40C865BD-695A-4902-882D-34EA6D55C1BA}.Debug|Any CPU.ActiveCfg = Debug|Any CPU
		{40C865BD-695A-4902-882D-34EA6D55C1BA}.Debug|Any CPU.Build.0 = Debug|Any CPU
		{40C865BD-695A-4902-882D-34EA6D55C1BA}.Release|Any CPU.ActiveCfg = Release|Any CPU
		{40C865BD-695A-4902-882D-34EA6D55C1BA}.Release|Any CPU.Build.0 = Release|Any CPU
		{CE4AC9C8-4B1B-449D-B632-AD161D536EF9}.Debug|Any CPU.ActiveCfg = Debug|Any CPU
		{CE4AC9C8-4B1B-449D-B632-AD161D536EF9}.Debug|Any CPU.Build.0 = Debug|Any CPU
		{CE4AC9C8-4B1B-449D-B632-AD161D536EF9}.Release|Any CPU.ActiveCfg = Release|Any CPU
		{CE4AC9C8-4B1B-449D-B632-AD161D536EF9}.Release|Any CPU.Build.0 = Release|Any CPU
		{66FA376D-21E3-4BFE-AA6F-A215434CF4C6}.Debug|Any CPU.ActiveCfg = Debug|Any CPU
		{66FA376D-21E3-4BFE-AA6F-A215434CF4C6}.Debug|Any CPU.Build.0 = Debug|Any CPU
		{66FA376D-21E3-4BFE-AA6F-A215434CF4C6}.Release|Any CPU.ActiveCfg = Release|Any CPU
		{66FA376D-21E3-4BFE-AA6F-A215434CF4C6}.Release|Any CPU.Build.0 = Release|Any CPU
		{60FCBE3B-C862-4EDA-808F-37172ABCEE19}.Debug|Any CPU.ActiveCfg = Debug|Any CPU
		{60FCBE3B-C862-4EDA-808F-37172ABCEE19}.Debug|Any CPU.Build.0 = Debug|Any CPU
		{60FCBE3B-C862-4EDA-808F-37172ABCEE19}.Release|Any CPU.ActiveCfg = Release|Any CPU
		{60FCBE3B-C862-4EDA-808F-37172ABCEE19}.Release|Any CPU.Build.0 = Release|Any CPU
		{C924BEBF-6751-4E5A-AC90-20A0DC4EB332}.Debug|Any CPU.ActiveCfg = Debug|Any CPU
		{C924BEBF-6751-4E5A-AC90-20A0DC4EB332}.Debug|Any CPU.Build.0 = Debug|Any CPU
		{C924BEBF-6751-4E5A-AC90-20A0DC4EB332}.Release|Any CPU.ActiveCfg = Release|Any CPU
		{C924BEBF-6751-4E5A-AC90-20A0DC4EB332}.Release|Any CPU.Build.0 = Release|Any CPU
	EndGlobalSection
	GlobalSection(SolutionProperties) = preSolution
		HideSolutionNode = FALSE
	EndGlobalSection
	GlobalSection(ExtensibilityGlobals) = postSolution
		SolutionGuid = {F23BB9D2-B895-4B90-BC43-E7A21C1F5665}
	EndGlobalSection
EndGlobal
